lockfileVersion: '9.0'

settings:
  autoInstallPeers: true
  excludeLinksFromLockfile: false

importers:

  .:
    dependencies:
      '@xmldom/xmldom':
        specifier: 0.9.12
        version: 0.9.12
      happy-dom:
        specifier: 20.8.4
        version: 20.8.4

packages:

  '@types/node@26.5.0':
    resolution: {integrity: sha512-dVSGpriSoCgz8WnDNTuSSuSv1PC/ALXihO4ulRZt7Md8k9mlbdin3lGOcDE8SnWOgf513ByWlXd7BK4azmyg/A==}

  '@types/whatwg-mimetype@3.0.2':
    resolution: {integrity: sha512-c2AKvDT8ToxLIOUlN51gTiHXflsfIFisS4pO7pDPoKouJCESkhZnEy623gwP9laCy5lnLDAw1vAzu2vM2YLOrA==}

  '@types/ws@8.18.1':
    resolution: {integrity: sha512-ThVF6DCVhA8kUGy+aazFQ4kXQ7E1Ty7A3ypFOe0IcJV8O/M511G99AW24irKrW56Wt44yG9+ij8FaqoBGkuBXg==}

  '@xmldom/xmldom@0.9.12':
    resolution: {integrity: sha512-5AXjrcMClTryPe9LgZrygpB1lj7s0S9E0+W+AHaVKAVyHanafK86iPSvG5xHVSp/jC+VH1UXu0TAEmY279xH7A==}
    engines: {node: '>=14.6'}

  entities@7.0.1:
    resolution: {integrity: sha512-TWrgLOFUQTH994YUyl1yT4uyavY5nNB5muff+RtWaqNVCAK408b5ZnnbNAUEWLTCpum9w6arT70i1XdQ4UeOPA==}
    engines: {node: '>=0.12'}

  happy-dom@20.8.4:
    resolution: {integrity: sha512-GKhjq4OQCYB4VLFBzv8mmccUadwlAusOZOI7hC1D9xDIT5HhzkJK17c4el2f6R6C715P9xB4uiMxeKUa2nHMwQ==}
    engines: {node: '>=20.0.0'}

  undici-types@8.9.0:
    resolution: {integrity: sha512-KTDyRTYX8sWmKXAikPHHSyc63CRPETMctyjKFupcC6OBLXT3xsN0e9aF7m+mIXutFWpUXuedtowG7iLOzp0kQg==}

  whatwg-mimetype@3.0.0:
    resolution: {integrity: sha512-nt+N2dzIutVRxARx1nghPKGv1xHikU7HKdfafKkLNLindmPU/ch3U31NOCGGA/dmPcmb1VlofO0vnKAcsm0o/Q==}
    engines: {node: '>=12'}

  ws@8.21.3:
    resolution: {integrity: sha512-201TZ/kPWxoPr/OKWjquZR1SWKXcvxdH+e1xrx89b3YbmzLMFCLfnaG1HFIgWzJOEWZ7MvpK++odZufgYR50Rw==}
    engines: {node: '>=10.0.0'}
    peerDependencies:
      bufferutil: ^4.0.1
      utf-8-validate: '>=5.0.2'
    peerDependenciesMeta:
      bufferutil:
        optional: true
      utf-8-validate:
        optional: true

snapshots:

  '@types/node@26.5.0':
    dependencies:
      undici-types: 8.9.0

  '@types/whatwg-mimetype@3.0.2': {}

  '@types/ws@8.18.1':
    dependencies:
      '@types/node': 26.5.0

  '@xmldom/xmldom@0.9.12': {}

  entities@7.0.1: {}

  happy-dom@20.8.4:
    dependencies:
      '@types/node': 26.5.0
      '@types/whatwg-mimetype': 3.0.2
      '@types/ws': 8.18.1
      entities: 7.0.1
      whatwg-mimetype: 3.0.0
      ws: 8.21.3
    transitivePeerDependencies:
      - bufferutil
      - utf-8-validate

  undici-types@8.9.0: {}

  whatwg-mimetype@3.0.0: {}

  ws@8.21.3: {}
